
Microsoft Visual Studio Solution File, Format Version 12.00
# Visual Studio Version 17
VisualStudioVersion = 17.0.31903.59
MinimumVisualStudioVersion = 10.0.40219.1
Project("{2150E333-8FDC-42A3-9474-1A3956D46DE8}") = "src", "src", "{827E0CD3-B72D-47B6-A68D-7590B98EB39B}"
EndProject
Project("{FAE04EC0-301F-11D3-BF4B-00C04F79EFBC}") = "SampleApp", "src\SampleApp\SampleApp.csproj", "{E37B0FC6-22A2-4201-B659-B83D5E708BB6}"
EndProject
Project("{FAE04EC0-301F-11D3-BF4B-00C04F79EFBC}") = "SampleLibrary", "src\SampleLibrary\SampleLibrary.csproj", "{4D279872-7742-4DF9-AB25-48A3CCAD8680}"
EndProject
Project("{2150E333-8FDC-42A3-9474-1A3956D46DE8}") = "tests", "tests", "{0AB3BF05-4346-4AA6-1389-037BE0695223}"
EndProject
Project("{FAE04EC0-301F-11D3-BF4B-00C04F79EFBC}") = "SampleLibrary.Tests", "tests\SampleLibrary.Tests\SampleLibrary.Tests.csproj", "{445E5BFA-B2E0-452F-96F9-86C8668580CB}"
EndProject
Global
	GlobalSection(SolutionConfigurationPlatforms) = preSolution
		Debug|Any CPU = Debug|Any CPU
		Debug|x64 = Debug|x64
		Debug|x86 = Debug|x86
		Release|Any CPU = Release|Any CPU
		Release|x64 = Release|x64
		Release|x86 = Release|x86
	EndGlobalSection
	GlobalSection(ProjectConfigurationPlatforms) = postSolution
		{E37B0FC6-22A2-4201-B659-B83D5E708BB6}.Debug|Any CPU.ActiveCfg = Debug|Any CPU
		{E37B0FC6-22A2-4201-B659-B83D5E708BB6}.Debug|Any CPU.Build.0 = Debug|Any CPU
		{E37B0FC6-22A2-4201-B659-B83D5E708BB6}.Debug|x64.ActiveCfg = Debug|Any CPU
		{E37B0FC6-22A2-4201-B659-B83D5E708BB6}.Debug|x64.Build.0 = Debug|Any CPU
		{E37B0FC6-22A2-4201-B659-B83D5E708BB6}.Debug|x86.ActiveCfg = Debug|Any CPU
		{E37B0FC6-22A2-4201-B659-B83D5E708BB6}.Debug|x86.Build.0 = Debug|Any CPU
		{E37B0FC6-22A2-4201-B659-B83D5E708BB6}.Release|Any CPU.ActiveCfg = Release|Any CPU
		{E37B0FC6-22A2-4201-B659-B83D5E708BB6}.Release|Any CPU.Build.0 = Release|Any CPU
		{E37B0FC6-22A2-4201-B659-B83D5E708BB6}.Release|x64.ActiveCfg = Release|Any CPU
		{E37B0FC6-22A2-4201-B659-B83D5E708BB6}.Release|x64.Build.0 = Release|Any CPU
		{E37B0FC6-22A2-4201-B659-B83D5E708BB6}.Release|x86.ActiveCfg = Release|Any CPU
		{E37B0FC6-22A2-4201-B659-B83D5E708BB6}.Release|x86.Build.0 = Release|Any CPU
		{4D279872-7742-4DF9-AB25-48A3CCAD8680}.Debug|Any CPU.ActiveCfg = Debug|Any CPU
		{4D279872-7742-4DF9-AB25-48A3CCAD8680}.Debug|Any CPU.Build.0 = Debug|Any CPU
		{4D279872-7742-4DF9-AB25-48A3CCAD8680}.Debug|x64.ActiveCfg = Debug|Any CPU
		{4D279872-7742-4DF9-AB25-48A3CCAD8680}.Debug|x64.Build.0 = Debug|Any CPU
		{4D279872-7742-4DF9-AB25-48A3CCAD8680}.Debug|x86.ActiveCfg = Debug|Any CPU
		{4D279872-7742-4DF9-AB25-48A3CCAD8680}.Debug|x86.Build.0 = Debug|Any CPU
		{4D279872-7742-4DF9-AB25-48A3CCAD8680}.Release|Any CPU.ActiveCfg = Release|Any CPU
		{4D279872-7742-4DF9-AB25-48A3CCAD8680}.Release|Any CPU.Build.0 = Release|Any CPU
		{4D279872-7742-4DF9-AB25-48A3CCAD8680}.Release|x64.ActiveCfg = Release|Any CPU
		{4D279872-7742-4DF9-AB25-48A3CCAD8680}.Release|x64.Build.0 = Release|Any CPU
		{4D279872-7742-4DF9-AB25-48A3CCAD8680}.Release|x86.ActiveCfg = Release|Any CPU
		{4D279872-7742-4DF9-AB25-48A3CCAD8680}.Release|x86.Build.0 = Release|Any CPU
		{445E5BFA-B2E0-452F-96F9-86C8668580CB}.Debug|Any CPU.ActiveCfg = Debug|Any CPU
		{445E5BFA-B2E0-452F-96F9-86C8668580CB}.Debug|Any CPU.Build.0 = Debug|Any CPU
		{445E5BFA-B2E0-452F-96F9-86C8668580CB}.Debug|x64.ActiveCfg = Debug|Any CPU
		{445E5BFA-B2E0-452F-96F9-86C8668580CB}.Debug|x64.Build.0 = Debug|Any CPU
		{445E5BFA-B2E0-452F-96F9-86C8668580CB}.Debug|x86.ActiveCfg = Debug|Any CPU
		{445E5BFA-B2E0-452F-96F9-86C8668580CB}.Debug|x86.Build.0 = Debug|Any CPU
		{445E5BFA-B2E0-452F-96F9-86C8668580CB}.Release|Any CPU.ActiveCfg = Release|Any CPU
		{445E5BFA-B2E0-452F-96F9-86C8668580CB}.Release|Any CPU.Build.0 = Release|Any CPU
		{445E5BFA-B2E0-452F-96F9-86C8668580CB}.Release|x64.ActiveCfg = Release|Any CPU
		{445E5BFA-B2E0-452F-96F9-86C8668580CB}.Release|x64.Build.0 = Release|Any CPU
		{445E5BFA-B2E0-452F-96F9-86C8668580CB}.Release|x86.ActiveCfg = Release|Any CPU
		{445E5BFA-B2E0-452F-96F9-86C8668580CB}.Release|x86.Build.0 = Release|Any CPU
	EndGlobalSection
	GlobalSection(SolutionProperties) = preSolution
		HideSolutionNode = FALSE
	EndGlobalSection
	GlobalSection(NestedProjects) = preSolution
		{E37B0FC6-22A2-4201-B659-B83D5E708BB6} = {827E0CD3-B72D-47B6-A68D-7590B98EB39B}
		{4D279872-7742-4DF9-AB25-48A3CCAD8680} = {827E0CD3-B72D-47B6-A68D-7590B98EB39B}
		{445E5BFA-B2E0-452F-96F9-86C8668580CB} = {0AB3BF05-4346-4AA6-1389-037BE0695223}
	EndGlobalSection
EndGlobal
